
Microsoft Visual Studio Solution File, Format Version 12.00
# Visual Studio Version 16
VisualStudioVersion = 16.0.30002.166
MinimumVisualStudioVersion = 10.0.40219.1
Project("{FAE04EC0-301F-11D3-BF4B-00C04F79EFBC}") = "ProcessNotifier", "ProcessNotifier\ProcessNotifier.csproj", "{5470819E-2F9D-4046-961D-4C5FE9738262}"
EndProject
Project("{FAE04EC0-301F-11D3-BF4B-00C04F79EFBC}") = "Tests", "Tests\Tests.csproj", "{A5F8DD7F-476C-4D4D-A463-2DEC365B6B3D}"
EndProject
Global
	GlobalSection(SolutionConfigurationPlatforms) = preSolution
		Debug|Any CPU = Debug|Any CPU
		Release|Any CPU = Release|Any CPU
	EndGlobalSection
	GlobalSection(ProjectConfigurationPlatforms) = postSolution
		{5470819E-2F9D-4046-961D-4C5FE9738262}.Debug|Any CPU.ActiveCfg = Debug|Any CPU
		{5470819E-2F9D-4046-961D-4C5FE9738262}.Debug|Any CPU.Build.0 = Debug|Any CPU
		{5470819E-2F9D-4046-961D-4C5FE9738262}.Release|Any CPU.ActiveCfg = Release|Any CPU
		{5470819E-2F9D-4046-961D-4C5FE9738262}.Release|Any CPU.Build.0 = Release|Any CPU
		{A5F8DD7F-476C-4D4D-A463-2DEC365B6B3D}.Debug|Any CPU.ActiveCfg = Debug|Any CPU
		{A5F8DD7F-476C-4D4D-A463-2DEC365B6B3D}.Debug|Any CPU.Build.0 = Debug|Any CPU
		{A5F8DD7F-476C-4D4D-A463-2DEC365B6B3D}.Release|Any CPU.ActiveCfg = Release|Any CPU
		{A5F8DD7F-476C-4D4D-A463-2DEC365B6B3D}.Release|Any CPU.Build.0 = Release|Any CPU
	EndGlobalSection
	GlobalSection(SolutionProperties) = preSolution
		HideSolutionNode = FALSE
	EndGlobalSection
	GlobalSection(ExtensibilityGlobals) = postSolution
		SolutionGuid = {48FAA8CB-356B-402A-ABC5-547DC2783775}
	EndGlobalSection
EndGlobal
